
Microsoft Visual Studio Solution File, Format Version 12.00
# Visual Studio Version 16
VisualStudioVersion = 16.0.30128.74
MinimumVisualStudioVersion = 10.0.40219.1
Project("{FAE04EC0-301F-11D3-BF4B-00C04F79EFBC}") = "A3_Arty_Calc", "A3_Arty_Calc\A3_Arty_Calc.csproj", "{C498923A-FEE6-41F7-B7E2-CAFE94A6ADE1}"
EndProject
Global
	GlobalSection(SolutionConfigurationPlatforms) = preSolution
		Debug|Any CPU = Debug|Any CPU
		Release|Any CPU = Release|Any CPU
	EndGlobalSection
	GlobalSection(ProjectConfigurationPlatforms) = postSolution
		{C498923A-FEE6-41F7-B7E2-CAFE94A6ADE1}.Debug|Any CPU.ActiveCfg = Debug|Any CPU
		{C498923A-FEE6-41F7-B7E2-CAFE94A6ADE1}.Debug|Any CPU.Build.0 = Debug|Any CPU
		{C498923A-FEE6-41F7-B7E2-CAFE94A6ADE1}.Release|Any CPU.ActiveCfg = Release|Any CPU
		{C498923A-FEE6-41F7-B7E2-CAFE94A6ADE1}.Release|Any CPU.Build.0 = Release|Any CPU
	EndGlobalSection
	GlobalSection(SolutionProperties) = preSolution
		HideSolutionNode = FALSE
	EndGlobalSection
	GlobalSection(ExtensibilityGlobals) = postSolution
		SolutionGuid = {2B60952A-FDC3-4517-BAD4-1B058DF82980}
	EndGlobalSection
EndGlobal
